{
    "_readme": [
        "This file locks the dependencies of your project to a known state",
        "Read more about it at https://getcomposer.org/doc/01-basic-usage.md#composer-lock-the-lock-file",
        "This file is @generated automatically"
    ],
    "content-hash": "0de6e60c5c358d3bc632f462adfd6948",
    "packages": [
        {
            "name": "composer/semver",
            "version": "1.4.2",
            "source": {
                "type": "git",
                "url": "https://github.com/composer/semver.git",
                "reference": "c7cb9a2095a074d131b65a8a0cd294479d785573"
            },
            "dist": {
                "type": "zip",
                "url": "https://api.github.com/repos/composer/semver/zipball/c7cb9a2095a074d131b65a8a0cd294479d785573",
                "reference": "c7cb9a2095a074d131b65a8a0cd294479d785573",
                "shasum": ""
            },
            "require": {
                "php": "^5.3.2 || ^7.0"
            },
            "require-dev": {
                "phpunit/phpunit": "^4.5 || ^5.0.5",
                "phpunit/phpunit-mock-objects": "2.3.0 || ^3.0"
            },
            "type": "library",
            "extra": {
                "branch-alias": {
                    "dev-master": "1.x-dev"
                }
            },
            "autoload": {
                "psr-4": {
                    "Composer\\Semver\\": "src"
                }
            },
            "notification-url": "https://packagist.org/downloads/",
            "license": [
                "MIT"
            ],
            "authors": [
                {
                    "name": "Nils Adermann",
                    "email": "naderman@naderman.de",
                    "homepage": "http://www.naderman.de"
                },
                {
                    "name": "Jordi Boggiano",
                    "email": "j.boggiano@seld.be",
                    "homepage": "http://seld.be"
                },
                {
                    "name": "Rob Bast",
                    "email": "rob.bast@gmail.com",
                    "homepage": "http://robbast.nl"
                }
            ],
            "description": "Semver library that offers utilities, version constraint parsing and validation.",
            "keywords": [
                "semantic",
                "semver",
                "validation",
                "versioning"
            ],
            "time": "2016-08-30T16:08:34+00:00"
        },
        {
            "name": "eloquent/pbkdf2-compat",
            "version": "1.0.1",
            "source": {
                "type": "git",
                "url": "https://github.com/eloquent/pbkdf2-compat.git",
                "reference": "1f08847b909244c02b80dfdcd9ea8e2bf149f5df"
            },
            "dist": {
                "type": "zip",
                "url": "https://api.github.com/repos/eloquent/pbkdf2-compat/zipball/1f08847b909244c02b80dfdcd9ea8e2bf149f5df",
                "reference": "1f08847b909244c02b80dfdcd9ea8e2bf149f5df",
                "shasum": ""
            },
            "require": {
                "php": ">=5.3"
            },
            "require-dev": {
                "icecave/archer": "~1"
            },
            "type": "library",
            "autoload": {
                "files": [
                    "src/hash_pbkdf2.php"
                ]
            },
            "notification-url": "https://packagist.org/downloads/",
            "license": [
                "MIT"
            ],
            "authors": [
                {
                    "name": "Erin Millard",
                    "email": "ezzatron@gmail.com",
                    "homepage": "http://ezzatron.com/"
                }
            ],
            "description": "A compatibility library for the PHP 5.5 function hash_pbkdf2().",
            "homepage": "https://github.com/eloquent/pbkdf2-compat",
            "keywords": [
                "compat",
                "compatibility",
                "hash",
                "hash_pbkdf2",
                "pbkdf",
                "pbkdf2",
                "pkcs",
                "pkcs5"
            ],
            "time": "2014-02-13T12:35:03+00:00"
        },
        {
            "name": "kuria/cache",
            "version": "v1.0.0",
            "source": {
                "type": "git",
                "url": "https://github.com/kuria/cache.git",
                "reference": "df920a6360313140838e40edc6d7ab16647d476d"
            },
            "dist": {
                "type": "zip",
                "url": "https://api.github.com/repos/kuria/cache/zipball/df920a6360313140838e40edc6d7ab16647d476d",
                "reference": "df920a6360313140838e40edc6d7ab16647d476d",
                "shasum": ""
            },
            "require": {
                "kuria/event": "^1.0.0",
                "php": ">=5.3.0"
            },
            "require-dev": {
                "phpunit/phpunit": "^4.8"
            },
            "type": "library",
            "autoload": {
                "psr-4": {
                    "Kuria\\Cache\\": "src"
                }
            },
            "notification-url": "https://packagist.org/downloads/",
            "license": [
                "MIT"
            ],
            "description": "Caching library with driver abstraction and namespacing support.",
            "keywords": [
                "apc",
                "apcu",
                "cache",
                "caching",
                "file",
                "filesystem",
                "memcache",
                "memory",
                "wincache",
                "xcache"
            ],
            "time": "2017-05-08T12:48:44+00:00"
        },
        {
            "name": "kuria/class-loader",
            "version": "v1.0.0",
            "source": {
                "type": "git",
                "url": "https://github.com/kuria/class-loader.git",
                "reference": "6f5648ab93459b3eed94603abad4cd3943f2077e"
            },
            "dist": {
                "type": "zip",
                "url": "https://api.github.com/repos/kuria/class-loader/zipball/6f5648ab93459b3eed94603abad4cd3943f2077e",
                "reference": "6f5648ab93459b3eed94603abad4cd3943f2077e",
                "shasum": ""
            },
            "require": {
                "php": ">=5.3.0"
            },
            "require-dev": {
                "phpunit/phpunit": "^4.8"
            },
            "type": "library",
            "autoload": {
                "psr-4": {
                    "Kuria\\ClassLoader\\": "src"
                }
            },
            "notification-url": "https://packagist.org/downloads/",
            "license": [
                "MIT"
            ],
            "description": "Class loader implementation (PSR-0, PSR-4).",
            "keywords": [
                "PSR-4",
                "autoload",
                "class loader",
                "psr-0"
            ],
            "time": "2017-05-08T21:57:30+00:00"
        },
        {
            "name": "kuria/debug",
            "version": "v1.0.0",
            "source": {
                "type": "git",
                "url": "https://github.com/kuria/debug.git",
                "reference": "8d6d4287803db98a07b5281407813706810523fc"
            },
            "dist": {
                "type": "zip",
                "url": "https://api.github.com/repos/kuria/debug/zipball/8d6d4287803db98a07b5281407813706810523fc",
                "reference": "8d6d4287803db98a07b5281407813706810523fc",
                "shasum": ""
            },
            "require": {
                "php": ">=5.3.0"
            },
            "require-dev": {
                "phpunit/phpunit": "^4.8"
            },
            "type": "library",
            "autoload": {
                "psr-4": {
                    "Kuria\\Debug\\": "src"
                }
            },
            "notification-url": "https://packagist.org/downloads/",
            "license": [
                "MIT"
            ],
            "description": "Collection of utilities useful for debugging purposes.",
            "keywords": [
                "debug",
                "dump",
                "exceptions"
            ],
            "time": "2017-05-22T17:34:29+00:00"
        },
        {
            "name": "kuria/error",
            "version": "v1.0.0",
            "source": {
                "type": "git",
                "url": "https://github.com/kuria/error.git",
                "reference": "3db6cd7541ab7543b6c4cb212448c175863c9c58"
            },
            "dist": {
                "type": "zip",
                "url": "https://api.github.com/repos/kuria/error/zipball/3db6cd7541ab7543b6c4cb212448c175863c9c58",
                "reference": "3db6cd7541ab7543b6c4cb212448c175863c9c58",
                "shasum": ""
            },
            "require": {
                "kuria/debug": "^1.0.0",
                "kuria/event": "^1.0.0",
                "php": ">=5.3.0"
            },
            "require-dev": {
                "phpunit/phpunit": "^4.8"
            },
            "type": "library",
            "autoload": {
                "psr-4": {
                    "Kuria\\Error\\": "src"
                }
            },
            "notification-url": "https://packagist.org/downloads/",
            "license": [
                "MIT"
            ],
            "description": "Makes handling and debugging PHP errors suck less.",
            "keywords": [
                "debug",
                "debugger",
                "error",
                "error handler",
                "exception",
                "exception handler",
                "fatal"
            ],
            "time": "2017-05-23T17:43:21+00:00"
        },
        {
            "name": "kuria/event",
            "version": "v1.0.0",
            "source": {
                "type": "git",
                "url": "https://github.com/kuria/event.git",
                "reference": "a33582dd57cd969debcf5f9e667643e92237c9e4"
            },
            "dist": {
                "type": "zip",
                "url": "https://api.github.com/repos/kuria/event/zipball/a33582dd57cd969debcf5f9e667643e92237c9e4",
                "reference": "a33582dd57cd969debcf5f9e667643e92237c9e4",
                "shasum": ""
            },
            "require": {
                "php": ">=5.3.0"
            },
            "require-dev": {
                "phpunit/phpunit": "^4.8"
            },
            "type": "library",
            "autoload": {
                "psr-4": {
                    "Kuria\\Event\\": "src"
                }
            },
            "notification-url": "https://packagist.org/downloads/",
            "license": [
                "MIT"
            ],
            "description": "Event library that implements variations of the mediator and observer patterns.",
            "keywords": [
                "dispatcher",
                "emitter",
                "event",
                "listener",
                "mediator",
                "observable",
                "observer",
                "subscriber"
            ],
            "time": "2017-05-08T00:08:18+00:00"
        },
        {
            "name": "kuria/parser",
            "version": "v1.0.0",
            "source": {
                "type": "git",
                "url": "https://github.com/kuria/parser.git",
                "reference": "ef6e307d6eecc05f8c353dbf60ff0472eaa3d30d"
            },
            "dist": {
                "type": "zip",
                "url": "https://api.github.com/repos/kuria/parser/zipball/ef6e307d6eecc05f8c353dbf60ff0472eaa3d30d",
                "reference": "ef6e307d6eecc05f8c353dbf60ff0472eaa3d30d",
                "shasum": ""
            },
            "require": {
                "php": ">=5.3.0"
            },
            "require-dev": {
                "phpunit/phpunit": "^4.8"
            },
            "type": "library",
            "autoload": {
                "psr-4": {
                    "Kuria\\Parser\\": "src"
                }
            },
            "notification-url": "https://packagist.org/downloads/",
            "license": [
                "MIT"
            ],
            "description": "Character-by-character string parsing library.",
            "keywords": [
                "character-by-character",
                "lexer",
                "parser"
            ],
            "time": "2017-05-08T22:43:37+00:00"
        }
    ],
    "packages-dev": [],
    "aliases": [],
    "minimum-stability": "stable",
    "stability-flags": [],
    "prefer-stable": false,
    "prefer-lowest": false,
    "platform": {
        "php": ">=5.3.0"
    },
    "platform-dev": []
}
